
Microsoft Visual Studio Solution File, Format Version 12.00
# Visual Studio Version 17
VisualStudioVersion = 17.1.32210.238
MinimumVisualStudioVersion = 10.0.40219.1
Project("{2150E333-8FDC-42A3-9474-1A3956D46DE8}") = "1- Application", "1- Application", "{C463552C-DCF5-453A-96BF-7AD1880B9D81}"
EndProject
Project("{2150E333-8FDC-42A3-9474-1A3956D46DE8}") = "2 - Domain", "2 - Domain", "{F7CABE53-741D-47A3-9723-958F22867776}"
EndProject
Project("{2150E333-8FDC-42A3-9474-1A3956D46DE8}") = "3 - Service", "3 - Service", "{FFCE3529-7D83-4EC6-8C05-9F8892B64437}"
EndProject
Project("{2150E333-8FDC-42A3-9474-1A3956D46DE8}") = "4 - Infra", "4 - Infra", "{AF7F9A9F-4961-4F37-9503-1240BF560181}"
EndProject
Project("{2150E333-8FDC-42A3-9474-1A3956D46DE8}") = "Data", "Data", "{1BD3E006-D12B-47F7-9747-4841D725C2D4}"
EndProject
Project("{2150E333-8FDC-42A3-9474-1A3956D46DE8}") = "CrossCutting", "CrossCutting", "{5D5B9415-38DC-4D5A-A2EA-AD9A5C243ECC}"
EndProject
Project("{9A19103F-16F7-4668-BE54-9A1E7A4F7556}") = "Data", "Data\Data.csproj", "{832FB1F3-7872-4278-9DD4-C90A25FDA152}"
EndProject
Project("{9A19103F-16F7-4668-BE54-9A1E7A4F7556}") = "WebMvc", "WebMvc\WebMvc.csproj", "{65F0D30C-1E6E-4D1F-AAC5-E62F09F3ED52}"
EndProject
Project("{9A19103F-16F7-4668-BE54-9A1E7A4F7556}") = "Domain", "Domain\Domain.csproj", "{8640EAC4-B662-4031-8608-F4920ADFB5C9}"
EndProject
Project("{9A19103F-16F7-4668-BE54-9A1E7A4F7556}") = "Services", "Services\Services.csproj", "{EC959A33-026F-455E-8E87-33D7CB9BFDF0}"
EndProject
Global
	GlobalSection(SolutionConfigurationPlatforms) = preSolution
		Debug|Any CPU = Debug|Any CPU
		Release|Any CPU = Release|Any CPU
	EndGlobalSection
	GlobalSection(ProjectConfigurationPlatforms) = postSolution
		{832FB1F3-7872-4278-9DD4-C90A25FDA152}.Debug|Any CPU.ActiveCfg = Debug|Any CPU
		{832FB1F3-7872-4278-9DD4-C90A25FDA152}.Debug|Any CPU.Build.0 = Debug|Any CPU
		{832FB1F3-7872-4278-9DD4-C90A25FDA152}.Release|Any CPU.ActiveCfg = Release|Any CPU
		{832FB1F3-7872-4278-9DD4-C90A25FDA152}.Release|Any CPU.Build.0 = Release|Any CPU
		{65F0D30C-1E6E-4D1F-AAC5-E62F09F3ED52}.Debug|Any CPU.ActiveCfg = Debug|Any CPU
		{65F0D30C-1E6E-4D1F-AAC5-E62F09F3ED52}.Debug|Any CPU.Build.0 = Debug|Any CPU
		{65F0D30C-1E6E-4D1F-AAC5-E62F09F3ED52}.Release|Any CPU.ActiveCfg = Release|Any CPU
		{65F0D30C-1E6E-4D1F-AAC5-E62F09F3ED52}.Release|Any CPU.Build.0 = Release|Any CPU
		{8640EAC4-B662-4031-8608-F4920ADFB5C9}.Debug|Any CPU.ActiveCfg = Debug|Any CPU
		{8640EAC4-B662-4031-8608-F4920ADFB5C9}.Debug|Any CPU.Build.0 = Debug|Any CPU
		{8640EAC4-B662-4031-8608-F4920ADFB5C9}.Release|Any CPU.ActiveCfg = Release|Any CPU
		{8640EAC4-B662-4031-8608-F4920ADFB5C9}.Release|Any CPU.Build.0 = Release|Any CPU
		{EC959A33-026F-455E-8E87-33D7CB9BFDF0}.Debug|Any CPU.ActiveCfg = Debug|Any CPU
		{EC959A33-026F-455E-8E87-33D7CB9BFDF0}.Debug|Any CPU.Build.0 = Debug|Any CPU
		{EC959A33-026F-455E-8E87-33D7CB9BFDF0}.Release|Any CPU.ActiveCfg = Release|Any CPU
		{EC959A33-026F-455E-8E87-33D7CB9BFDF0}.Release|Any CPU.Build.0 = Release|Any CPU
	EndGlobalSection
	GlobalSection(SolutionProperties) = preSolution
		HideSolutionNode = FALSE
	EndGlobalSection
	GlobalSection(NestedProjects) = preSolution
		{1BD3E006-D12B-47F7-9747-4841D725C2D4} = {AF7F9A9F-4961-4F37-9503-1240BF560181}
		{5D5B9415-38DC-4D5A-A2EA-AD9A5C243ECC} = {AF7F9A9F-4961-4F37-9503-1240BF560181}
		{832FB1F3-7872-4278-9DD4-C90A25FDA152} = {1BD3E006-D12B-47F7-9747-4841D725C2D4}
		{65F0D30C-1E6E-4D1F-AAC5-E62F09F3ED52} = {C463552C-DCF5-453A-96BF-7AD1880B9D81}
		{8640EAC4-B662-4031-8608-F4920ADFB5C9} = {F7CABE53-741D-47A3-9723-958F22867776}
		{EC959A33-026F-455E-8E87-33D7CB9BFDF0} = {FFCE3529-7D83-4EC6-8C05-9F8892B64437}
	EndGlobalSection
	GlobalSection(ExtensibilityGlobals) = postSolution
		SolutionGuid = {B8B5A240-15D6-4928-98F9-F61097A73A6A}
	EndGlobalSection
EndGlobal
