
Microsoft Visual Studio Solution File, Format Version 12.00
# Visual Studio Version 16
VisualStudioVersion = 16.0.32126.315
MinimumVisualStudioVersion = 10.0.40219.1
Project("{2150E333-8FDC-42A3-9474-1A3956D46DE8}") = "1- Application", "1- Application", "{C463552C-DCF5-453A-96BF-7AD1880B9D81}"
EndProject
Project("{2150E333-8FDC-42A3-9474-1A3956D46DE8}") = "2 - Domain", "2 - Domain", "{F7CABE53-741D-47A3-9723-958F22867776}"
EndProject
Project("{2150E333-8FDC-42A3-9474-1A3956D46DE8}") = "3 -Service", "3 -Service", "{FFCE3529-7D83-4EC6-8C05-9F8892B64437}"
EndProject
Project("{2150E333-8FDC-42A3-9474-1A3956D46DE8}") = "4 - Infra", "4 - Infra", "{AF7F9A9F-4961-4F37-9503-1240BF560181}"
EndProject
Project("{2150E333-8FDC-42A3-9474-1A3956D46DE8}") = "Data", "Data", "{1BD3E006-D12B-47F7-9747-4841D725C2D4}"
EndProject
Project("{2150E333-8FDC-42A3-9474-1A3956D46DE8}") = "CrossCutting", "CrossCutting", "{5D5B9415-38DC-4D5A-A2EA-AD9A5C243ECC}"
EndProject
Project("{FAE04EC0-301F-11D3-BF4B-00C04F79EFBC}") = "Domain", "Domain\Domain.csproj", "{6727694A-BE22-4FE3-B5F2-3572794AE4B4}"
EndProject
Project("{FAE04EC0-301F-11D3-BF4B-00C04F79EFBC}") = "Data", "Data\Data.csproj", "{832FB1F3-7872-4278-9DD4-C90A25FDA152}"
EndProject
Project("{FAE04EC0-301F-11D3-BF4B-00C04F79EFBC}") = "Service", "Service\Service.csproj", "{A6027471-B01B-4BD6-B965-3F312B423E14}"
EndProject
Project("{FAE04EC0-301F-11D3-BF4B-00C04F79EFBC}") = "WebApi", "WebApi\WebApi.csproj", "{79AF19A7-A23C-4173-AF2F-E0C636B273AD}"
EndProject
Global
	GlobalSection(SolutionConfigurationPlatforms) = preSolution
		Debug|Any CPU = Debug|Any CPU
		Release|Any CPU = Release|Any CPU
	EndGlobalSection
	GlobalSection(ProjectConfigurationPlatforms) = postSolution
		{6727694A-BE22-4FE3-B5F2-3572794AE4B4}.Debug|Any CPU.ActiveCfg = Debug|Any CPU
		{6727694A-BE22-4FE3-B5F2-3572794AE4B4}.Debug|Any CPU.Build.0 = Debug|Any CPU
		{6727694A-BE22-4FE3-B5F2-3572794AE4B4}.Release|Any CPU.ActiveCfg = Release|Any CPU
		{6727694A-BE22-4FE3-B5F2-3572794AE4B4}.Release|Any CPU.Build.0 = Release|Any CPU
		{832FB1F3-7872-4278-9DD4-C90A25FDA152}.Debug|Any CPU.ActiveCfg = Debug|Any CPU
		{832FB1F3-7872-4278-9DD4-C90A25FDA152}.Debug|Any CPU.Build.0 = Debug|Any CPU
		{832FB1F3-7872-4278-9DD4-C90A25FDA152}.Release|Any CPU.ActiveCfg = Release|Any CPU
		{832FB1F3-7872-4278-9DD4-C90A25FDA152}.Release|Any CPU.Build.0 = Release|Any CPU
		{A6027471-B01B-4BD6-B965-3F312B423E14}.Debug|Any CPU.ActiveCfg = Debug|Any CPU
		{A6027471-B01B-4BD6-B965-3F312B423E14}.Debug|Any CPU.Build.0 = Debug|Any CPU
		{A6027471-B01B-4BD6-B965-3F312B423E14}.Release|Any CPU.ActiveCfg = Release|Any CPU
		{A6027471-B01B-4BD6-B965-3F312B423E14}.Release|Any CPU.Build.0 = Release|Any CPU
		{79AF19A7-A23C-4173-AF2F-E0C636B273AD}.Debug|Any CPU.ActiveCfg = Debug|Any CPU
		{79AF19A7-A23C-4173-AF2F-E0C636B273AD}.Debug|Any CPU.Build.0 = Debug|Any CPU
		{79AF19A7-A23C-4173-AF2F-E0C636B273AD}.Release|Any CPU.ActiveCfg = Release|Any CPU
		{79AF19A7-A23C-4173-AF2F-E0C636B273AD}.Release|Any CPU.Build.0 = Release|Any CPU
	EndGlobalSection
	GlobalSection(SolutionProperties) = preSolution
		HideSolutionNode = FALSE
	EndGlobalSection
	GlobalSection(NestedProjects) = preSolution
		{1BD3E006-D12B-47F7-9747-4841D725C2D4} = {AF7F9A9F-4961-4F37-9503-1240BF560181}
		{5D5B9415-38DC-4D5A-A2EA-AD9A5C243ECC} = {AF7F9A9F-4961-4F37-9503-1240BF560181}
		{6727694A-BE22-4FE3-B5F2-3572794AE4B4} = {F7CABE53-741D-47A3-9723-958F22867776}
		{832FB1F3-7872-4278-9DD4-C90A25FDA152} = {1BD3E006-D12B-47F7-9747-4841D725C2D4}
		{A6027471-B01B-4BD6-B965-3F312B423E14} = {FFCE3529-7D83-4EC6-8C05-9F8892B64437}
		{79AF19A7-A23C-4173-AF2F-E0C636B273AD} = {C463552C-DCF5-453A-96BF-7AD1880B9D81}
	EndGlobalSection
	GlobalSection(ExtensibilityGlobals) = postSolution
		SolutionGuid = {B8B5A240-15D6-4928-98F9-F61097A73A6A}
	EndGlobalSection
EndGlobal
